// !$*UTF8*$!
{
	archiveVersion = 1;
	classes = {
	};
	objectVersion = 50;
	objects = {

/* Begin PBXBuildFile section */
		324766D2217288ED0080D766 /* AppDelegate.swift in Sources */ = {isa = PBXBuildFile; fileRef = 324766D1217288ED0080D766 /* AppDelegate.swift */; };
		324766D4217288ED0080D766 /* ViewController.swift in Sources */ = {isa = PBXBuildFile; fileRef = 324766D3217288ED0080D766 /* ViewController.swift */; };
		324766D7217288ED0080D766 /* Main.storyboard in Resources */ = {isa = PBXBuildFile; fileRef = 324766D5217288ED0080D766 /* Main.storyboard */; };
		324766DA217288ED0080D766 /* Bitslinger.xcdatamodeld in Sources */ = {isa = PBXBuildFile; fileRef = 324766D8217288ED0080D766 /* Bitslinger.xcdatamodeld */; };
		324766DC217288EF0080D766 /* Assets.xcassets in Resources */ = {isa = PBXBuildFile; fileRef = 324766DB217288EF0080D766 /* Assets.xcassets */; };
		324766DF217288EF0080D766 /* LaunchScreen.storyboard in Resources */ = {isa = PBXBuildFile; fileRef = 324766DD217288EF0080D766 /* LaunchScreen.storyboard */; };
		324766EA217288F00080D766 /* BitslingerTests.swift in Sources */ = {isa = PBXBuildFile; fileRef = 324766E9217288F00080D766 /* BitslingerTests.swift */; };
		324766F5217288F00080D766 /* BitslingerUITests.swift in Sources */ = {isa = PBXBuildFile; fileRef = 324766F4217288F00080D766 /* BitslingerUITests.swift */; };
/* End PBXBuildFile section */

/* Begin PBXContainerItemProxy section */
		324766E6217288F00080D766 /* PBXContainerItemProxy */ = {
			isa = PBXContainerItemProxy;
			containerPortal = 324766C6217288ED0080D766 /* Project object */;
			proxyType = 1;
			remoteGlobalIDString = 324766CD217288ED0080D766;
			remoteInfo = Bitslinger;
		};
		324766F1217288F00080D766 /* PBXContainerItemProxy */ = {
			isa = PBXContainerItemProxy;
			containerPortal = 324766C6217288ED0080D766 /* Project object */;
			proxyType = 1;
			remoteGlobalIDString = 324766CD217288ED0080D766;
			remoteInfo = Bitslinger;
		};
/* End PBXContainerItemProxy section */

/* Begin PBXFileReference section */
		324766CE217288ED0080D766 /* Bitslinger.app */ = {isa = PBXFileReference; explicitFileType = wrapper.application; includeInIndex = 0; path = Bitslinger.app; sourceTree = BUILT_PRODUCTS_DIR; };
		324766D1217288ED0080D766 /* AppDelegate.swift */ = {isa = PBXFileReference; lastKnownFileType = sourcecode.swift; path = AppDelegate.swift; sourceTree = "<group>"; };
		324766D3217288ED0080D766 /* ViewController.swift */ = {isa = PBXFileReference; lastKnownFileType = sourcecode.swift; path = ViewController.swift; sourceTree = "<group>"; };
		324766D6217288ED0080D766 /* Base */ = {isa = PBXFileReference; lastKnownFileType = file.storyboard; name = Base; path = Base.lproj/Main.storyboard; sourceTree = "<group>"; };
		324766D9217288ED0080D766 /* Bitslinger.xcdatamodel */ = {isa = PBXFileReference; lastKnownFileType = wrapper.xcdatamodel; path = Bitslinger.xcdatamodel; sourceTree = "<group>"; };
		324766DB217288EF0080D766 /* Assets.xcassets */ = {isa = PBXFileReference; lastKnownFileType = folder.assetcatalog; path = Assets.xcassets; sourceTree = "<group>"; };
		324766DE217288EF0080D766 /* Base */ = {isa = PBXFileReference; lastKnownFileType = file.storyboard; name = Base; path = Base.lproj/LaunchScreen.storyboard; sourceTree = "<group>"; };
		324766E0217288EF0080D766 /* Info.plist */ = {isa = PBXFileReference; lastKnownFileType = text.plist.xml; path = Info.plist; sourceTree = "<group>"; };
		324766E5217288F00080D766 /* BitslingerTests.xctest */ = {isa = PBXFileReference; explicitFileType = wrapper.cfbundle; includeInIndex = 0; path = BitslingerTests.xctest; sourceTree = BUILT_PRODUCTS_DIR; };
		324766E9217288F00080D766 /* BitslingerTests.swift */ = {isa = PBXFileReference; lastKnownFileType = sourcecode.swift; path = BitslingerTests.swift; sourceTree = "<group>"; };
		324766EB217288F00080D766 /* Info.plist */ = {isa = PBXFileReference; lastKnownFileType = text.plist.xml; path = Info.plist; sourceTree = "<group>"; };
		324766F0217288F00080D766 /* BitslingerUITests.xctest */ = {isa = PBXFileReference; explicitFileType = wrapper.cfbundle; includeInIndex = 0; path = BitslingerUITests.xctest; sourceTree = BUILT_PRODUCTS_DIR; };
		324766F4217288F00080D766 /* BitslingerUITests.swift */ = {isa = PBXFileReference; lastKnownFileType = sourcecode.swift; path = BitslingerUITests.swift; sourceTree = "<group>"; };
		324766F6217288F00080D766 /* Info.plist */ = {isa = PBXFileReference; lastKnownFileType = text.plist.xml; path = Info.plist; sourceTree = "<group>"; };
/* End PBXFileReference section */

/* Begin PBXFrameworksBuildPhase section */
		324766CB217288ED0080D766 /* Frameworks */ = {
			isa = PBXFrameworksBuildPhase;
			buildActionMask = 2147483647;
			files = (
			);
			runOnlyForDeploymentPostprocessing = 0;
		};
		324766E2217288F00080D766 /* Frameworks */ = {
			isa = PBXFrameworksBuildPhase;
			buildActionMask = 2147483647;
			files = (
			);
			runOnlyForDeploymentPostprocessing = 0;
		};
		324766ED217288F00080D766 /* Frameworks */ = {
			isa = PBXFrameworksBuildPhase;
			buildActionMask = 2147483647;
			files = (
			);
			runOnlyForDeploymentPostprocessing = 0;
		};
/* End PBXFrameworksBuildPhase section */

/* Begin PBXGroup section */
		324766C5217288ED0080D766 = {
			isa = PBXGroup;
			children = (
				324766D0217288ED0080D766 /* Bitslinger */,
				324766E8217288F00080D766 /* BitslingerTests */,
				324766F3217288F00080D766 /* BitslingerUITests */,
				324766CF217288ED0080D766 /* Products */,
			);
			sourceTree = "<group>";
		};
		324766CF217288ED0080D766 /* Products */ = {
			isa = PBXGroup;
			children = (
				324766CE217288ED0080D766 /* Bitslinger.app */,
				324766E5217288F00080D766 /* BitslingerTests.xctest */,
				324766F0217288F00080D766 /* BitslingerUITests.xctest */,
			);
			name = Products;
			sourceTree = "<group>";
		};
		324766D0217288ED0080D766 /* Bitslinger */ = {
			isa = PBXGroup;
			children = (
				324766D1217288ED0080D766 /* AppDelegate.swift */,
				324766D3217288ED0080D766 /* ViewController.swift */,
				324766D5217288ED0080D766 /* Main.storyboard */,
				324766DB217288EF0080D766 /* Assets.xcassets */,
				324766DD217288EF0080D766 /* LaunchScreen.storyboard */,
				324766E0217288EF0080D766 /* Info.plist */,
				324766D8217288ED0080D766 /* Bitslinger.xcdatamodeld */,
			);
			path = Bitslinger;
			sourceTree = "<group>";
		};
		324766E8217288F00080D766 /* BitslingerTests */ = {
			isa = PBXGroup;
			children = (
				324766E9217288F00080D766 /* BitslingerTests.swift */,
				324766EB217288F00080D766 /* Info.plist */,
			);
			path = BitslingerTests;
			sourceTree = "<group>";
		};
		324766F3217288F00080D766 /* BitslingerUITests */ = {
			isa = PBXGroup;
			children = (
				324766F4217288F00080D766 /* BitslingerUITests.swift */,
				324766F6217288F00080D766 /* Info.plist */,
			);
			path = BitslingerUITests;
			sourceTree = "<group>";
		};
/* End PBXGroup section */

/* Begin PBXNativeTarget section */
		324766CD217288ED0080D766 /* Bitslinger */ = {
			isa = PBXNativeTarget;
			buildConfigurationList = 324766F9217288F00080D766 /* Build configuration list for PBXNativeTarget "Bitslinger" */;
			buildPhases = (
				324766CA217288ED0080D766 /* Sources */,
				324766CB217288ED0080D766 /* Frameworks */,
				324766CC217288ED0080D766 /* Resources */,
			);
			buildRules = (
			);
			dependencies = (
			);
			name = Bitslinger;
			productName = Bitslinger;
			productReference = 324766CE217288ED0080D766 /* Bitslinger.app */;
			productType = "com.apple.product-type.application";
		};
		324766E4217288F00080D766 /* BitslingerTests */ = {
			isa = PBXNativeTarget;
			buildConfigurationList = 324766FC217288F00080D766 /* Build configuration list for PBXNativeTarget "BitslingerTests" */;
			buildPhases = (
				324766E1217288F00080D766 /* Sources */,
				324766E2217288F00080D766 /* Frameworks */,
				324766E3217288F00080D766 /* Resources */,
			);
			buildRules = (
			);
			dependencies = (
				324766E7217288F00080D766 /* PBXTargetDependency */,
			);
			name = BitslingerTests;
			productName = BitslingerTests;
			productReference = 324766E5217288F00080D766 /* BitslingerTests.xctest */;
			productType = "com.apple.product-type.bundle.unit-test";
		};
		324766EF217288F00080D766 /* BitslingerUITests */ = {
			isa = PBXNativeTarget;
			buildConfigurationList = 324766FF217288F00080D766 /* Build configuration list for PBXNativeTarget "BitslingerUITests" */;
			buildPhases = (
				324766EC217288F00080D766 /* Sources */,
				324766ED217288F00080D766 /* Frameworks */,
				324766EE217288F00080D766 /* Resources */,
			);
			buildRules = (
			);
			dependencies = (
				324766F2217288F00080D766 /* PBXTargetDependency */,
			);
			name = BitslingerUITests;
			productName = BitslingerUITests;
			productReference = 324766F0217288F00080D766 /* BitslingerUITests.xctest */;
			productType = "com.apple.product-type.bundle.ui-testing";
		};
/* End PBXNativeTarget section */

/* Begin PBXProject section */
		324766C6217288ED0080D766 /* Project object */ = {
			isa = PBXProject;
			attributes = {
				LastSwiftUpdateCheck = 1000;
				LastUpgradeCheck = 1000;
				ORGANIZATIONNAME = JAY;
				TargetAttributes = {
					324766CD217288ED0080D766 = {
						CreatedOnToolsVersion = 10.0;
					};
					324766E4217288F00080D766 = {
						CreatedOnToolsVersion = 10.0;
						TestTargetID = 324766CD217288ED0080D766;
					};
					324766EF217288F00080D766 = {
						CreatedOnToolsVersion = 10.0;
						TestTargetID = 324766CD217288ED0080D766;
					};
				};
			};
			buildConfigurationList = 324766C9217288ED0080D766 /* Build configuration list for PBXProject "Bitslinger" */;
			compatibilityVersion = "Xcode 9.3";
			developmentRegion = en;
			hasScannedForEncodings = 0;
			knownRegions = (
				en,
				Base,
			);
			mainGroup = 324766C5217288ED0080D766;
			productRefGroup = 324766CF217288ED0080D766 /* Products */;
			projectDirPath = "";
			projectRoot = "";
			targets = (
				324766CD217288ED0080D766 /* Bitslinger */,
				324766E4217288F00080D766 /* BitslingerTests */,
				324766EF217288F00080D766 /* BitslingerUITests */,
			);
		};
/* End PBXProject section */

/* Begin PBXResourcesBuildPhase section */
		324766CC217288ED0080D766 /* Resources */ = {
			isa = PBXResourcesBuildPhase;
			buildActionMask = 2147483647;
			files = (
				324766DF217288EF0080D766 /* LaunchScreen.storyboard in Resources */,
				324766DC217288EF0080D766 /* Assets.xcassets in Resources */,
				324766D7217288ED0080D766 /* Main.storyboard in Resources */,
			);
			runOnlyForDeploymentPostprocessing = 0;
		};
		324766E3217288F00080D766 /* Resources */ = {
			isa = PBXResourcesBuildPhase;
			buildActionMask = 2147483647;
			files = (
			);
			runOnlyForDeploymentPostprocessing = 0;
		};
		324766EE217288F00080D766 /* Resources */ = {
			isa = PBXResourcesBuildPhase;
			buildActionMask = 2147483647;
			files = (
			);
			runOnlyForDeploymentPostprocessing = 0;
		};
/* End PBXResourcesBuildPhase section */

/* Begin PBXSourcesBuildPhase section */
		324766CA217288ED0080D766 /* Sources */ = {
			isa = PBXSourcesBuildPhase;
			buildActionMask = 2147483647;
			files = (
				324766D4217288ED0080D766 /* ViewController.swift in Sources */,
				324766D2217288ED0080D766 /* AppDelegate.swift in Sources */,
				324766DA217288ED0080D766 /* Bitslinger.xcdatamodeld in Sources */,
			);
			runOnlyForDeploymentPostprocessing = 0;
		};
		324766E1217288F00080D766 /* Sources */ = {
			isa = PBXSourcesBuildPhase;
			buildActionMask = 2147483647;
			files = (
				324766EA217288F00080D766 /* BitslingerTests.swift in Sources */,
			);
			runOnlyForDeploymentPostprocessing = 0;
		};
		324766EC217288F00080D766 /* Sources */ = {
			isa = PBXSourcesBuildPhase;
			buildActionMask = 2147483647;
			files = (
				324766F5217288F00080D766 /* BitslingerUITests.swift in Sources */,
			);
			runOnlyForDeploymentPostprocessing = 0;
		};
/* End PBXSourcesBuildPhase section */

/* Begin PBXTargetDependency section */
		324766E7217288F00080D766 /* PBXTargetDependency */ = {
			isa = PBXTargetDependency;
			target = 324766CD217288ED0080D766 /* Bitslinger */;
			targetProxy = 324766E6217288F00080D766 /* PBXContainerItemProxy */;
		};
		324766F2217288F00080D766 /* PBXTargetDependency */ = {
			isa = PBXTargetDependency;
			target = 324766CD217288ED0080D766 /* Bitslinger */;
			targetProxy = 324766F1217288F00080D766 /* PBXContainerItemProxy */;
		};
/* End PBXTargetDependency section */

/* Begin PBXVariantGroup section */
		324766D5217288ED0080D766 /* Main.storyboard */ = {
			isa = PBXVariantGroup;
			children = (
				324766D6217288ED0080D766 /* Base */,
			);
			name = Main.storyboard;
			sourceTree = "<group>";
		};
		324766DD217288EF0080D766 /* LaunchScreen.storyboard */ = {
			isa = PBXVariantGroup;
			children = (
				324766DE217288EF0080D766 /* Base */,
			);
			name = LaunchScreen.storyboard;
			sourceTree = "<group>";
		};
/* End PBXVariantGroup section */

/* Begin XCBuildConfiguration section */
		324766F7217288F00080D766 /* Debug */ = {
			isa = XCBuildConfiguration;
			buildSettings = {
				ALWAYS_SEARCH_USER_PATHS = NO;
				CLANG_ANALYZER_NONNULL = YES;
				CLANG_ANALYZER_NUMBER_OBJECT_CONVERSION = YES_AGGRESSIVE;
				CLANG_CXX_LANGUAGE_STANDARD = "gnu++14";
				CLANG_CXX_LIBRARY = "libc++";
				CLANG_ENABLE_MODULES = YES;
				CLANG_ENABLE_OBJC_ARC = YES;
				CLANG_ENABLE_OBJC_WEAK = YES;
				CLANG_WARN_BLOCK_CAPTURE_AUTORELEASING = YES;
				CLANG_WARN_BOOL_CONVERSION = YES;
				CLANG_WARN_COMMA = YES;
				CLANG_WARN_CONSTANT_CONVERSION = YES;
				CLANG_WARN_DEPRECATED_OBJC_IMPLEMENTATIONS = YES;
				CLANG_WARN_DIRECT_OBJC_ISA_USAGE = YES_ERROR;
				CLANG_WARN_DOCUMENTATION_COMMENTS = YES;
				CLANG_WARN_EMPTY_BODY = YES;
				CLANG_WARN_ENUM_CONVERSION = YES;
				CLANG_WARN_INFINITE_RECURSION = YES;
				CLANG_WARN_INT_CONVERSION = YES;
				CLANG_WARN_NON_LITERAL_NULL_CONVERSION = YES;
				CLANG_WARN_OBJC_IMPLICIT_RETAIN_SELF = YES;
				CLANG_WARN_OBJC_LITERAL_CONVERSION = YES;
				CLANG_WARN_OBJC_ROOT_CLASS = YES_ERROR;
				CLANG_WARN_RANGE_LOOP_ANALYSIS = YES;
				CLANG_WARN_STRICT_PROTOTYPES = YES;
				CLANG_WARN_SUSPICIOUS_MOVE = YES;
				CLANG_WARN_UNGUARDED_AVAILABILITY = YES_AGGRESSIVE;
				CLANG_WARN_UNREACHABLE_CODE = YES;
				CLANG_WARN__DUPLICATE_METHOD_MATCH = YES;
				CODE_SIGN_IDENTITY = "iPhone Developer";
				COPY_PHASE_STRIP = NO;
				DEBUG_INFORMATION_FORMAT = dwarf;
				ENABLE_STRICT_OBJC_MSGSEND = YES;
				ENABLE_TESTABILITY = YES;
				GCC_C_LANGUAGE_STANDARD = gnu11;
				GCC_DYNAMIC_NO_PIC = NO;
				GCC_NO_COMMON_BLOCKS = YES;
				GCC_OPTIMIZATION_LEVEL = 0;
				GCC_PREPROCESSOR_DEFINITIONS = (
					"DEBUG=1",
					"$(inherited)",
				);
				GCC_WARN_64_TO_32_BIT_CONVERSION = YES;
				GCC_WARN_ABOUT_RETURN_TYPE = YES_ERROR;
				GCC_WARN_UNDECLARED_SELECTOR = YES;
				GCC_WARN_UNINITIALIZED_AUTOS = YES_AGGRESSIVE;
				GCC_WARN_UNUSED_FUNCTION = YES;
				GCC_WARN_UNUSED_VARIABLE = YES;
				IPHONEOS_DEPLOYMENT_TARGET = 12.0;
				MTL_ENABLE_DEBUG_INFO = INCLUDE_SOURCE;
				MTL_FAST_MATH = YES;
				ONLY_ACTIVE_ARCH = YES;
				SDKROOT = iphoneos;
				SWIFT_ACTIVE_COMPILATION_CONDITIONS = DEBUG;
				SWIFT_OPTIMIZATION_LEVEL = "-Onone";
			};
			name = Debug;
		};
		324766F8217288F00080D766 /* Release */ = {
			isa = XCBuildConfiguration;
			buildSettings = {
				ALWAYS_SEARCH_USER_PATHS = NO;
				CLANG_ANALYZER_NONNULL = YES;
				CLANG_ANALYZER_NUMBER_OBJECT_CONVERSION = YES_AGGRESSIVE;
				CLANG_CXX_LANGUAGE_STANDARD = "gnu++14";
				CLANG_CXX_LIBRARY = "libc++";
				CLANG_ENABLE_MODULES = YES;
				CLANG_ENABLE_OBJC_ARC = YES;
				CLANG_ENABLE_OBJC_WEAK = YES;
				CLANG_WARN_BLOCK_CAPTURE_AUTORELEASING = YES;
				CLANG_WARN_BOOL_CONVERSION = YES;
				CLANG_WARN_COMMA = YES;
				CLANG_WARN_CONSTANT_CONVERSION = YES;
				CLANG_WARN_DEPRECATED_OBJC_IMPLEMENTATIONS = YES;
				CLANG_WARN_DIRECT_OBJC_ISA_USAGE = YES_ERROR;
				CLANG_WARN_DOCUMENTATION_COMMENTS = YES;
				CLANG_WARN_EMPTY_BODY = YES;
				CLANG_WARN_ENUM_CONVERSION = YES;
				CLANG_WARN_INFINITE_RECURSION = YES;
				CLANG_WARN_INT_CONVERSION = YES;
				CLANG_WARN_NON_LITERAL_NULL_CONVERSION = YES;
				CLANG_WARN_OBJC_IMPLICIT_RETAIN_SELF = YES;
				CLANG_WARN_OBJC_LITERAL_CONVERSION = YES;
				CLANG_WARN_OBJC_ROOT_CLASS = YES_ERROR;
				CLANG_WARN_RANGE_LOOP_ANALYSIS = YES;
				CLANG_WARN_STRICT_PROTOTYPES = YES;
				CLANG_WARN_SUSPICIOUS_MOVE = YES;
				CLANG_WARN_UNGUARDED_AVAILABILITY = YES_AGGRESSIVE;
				CLANG_WARN_UNREACHABLE_CODE = YES;
				CLANG_WARN__DUPLICATE_METHOD_MATCH = YES;
				CODE_SIGN_IDENTITY = "iPhone Developer";
				COPY_PHASE_STRIP = NO;
				DEBUG_INFORMATION_FORMAT = "dwarf-with-dsym";
				ENABLE_NS_ASSERTIONS = NO;
				ENABLE_STRICT_OBJC_MSGSEND = YES;
				GCC_C_LANGUAGE_STANDARD = gnu11;
				GCC_NO_COMMON_BLOCKS = YES;
				GCC_WARN_64_TO_32_BIT_CONVERSION = YES;
				GCC_WARN_ABOUT_RETURN_TYPE = YES_ERROR;
				GCC_WARN_UNDECLARED_SELECTOR = YES;
				GCC_WARN_UNINITIALIZED_AUTOS = YES_AGGRESSIVE;
				GCC_WARN_UNUSED_FUNCTION = YES;
				GCC_WARN_UNUSED_VARIABLE = YES;
				IPHONEOS_DEPLOYMENT_TARGET = 12.0;
				MTL_ENABLE_DEBUG_INFO = NO;
				MTL_FAST_MATH = YES;
				SDKROOT = iphoneos;
				SWIFT_COMPILATION_MODE = wholemodule;
				SWIFT_OPTIMIZATION_LEVEL = "-O";
				VALIDATE_PRODUCT = YES;
			};
			name = Release;
		};
		324766FA217288F00080D766 /* Debug */ = {
			isa = XCBuildConfiguration;
			buildSettings = {
				ASSETCATALOG_COMPILER_APPICON_NAME = AppIcon;
				CODE_SIGN_STYLE = Automatic;
				INFOPLIST_FILE = Bitslinger/Info.plist;
				LD_RUNPATH_SEARCH_PATHS = (
					"$(inherited)",
					"@executable_path/Frameworks",
				);
				PRODUCT_BUNDLE_IDENTIFIER = JAY.Bitslinger;
				PRODUCT_NAME = "$(TARGET_NAME)";
				SWIFT_VERSION = 4.2;
				TARGETED_DEVICE_FAMILY = "1,2";
			};
			name = Debug;
		};
		324766FB217288F00080D766 /* Release */ = {
			isa = XCBuildConfiguration;
			buildSettings = {
				ASSETCATALOG_COMPILER_APPICON_NAME = AppIcon;
				CODE_SIGN_STYLE = Automatic;
				INFOPLIST_FILE = Bitslinger/Info.plist;
				LD_RUNPATH_SEARCH_PATHS = (
					"$(inherited)",
					"@executable_path/Frameworks",
				);
				PRODUCT_BUNDLE_IDENTIFIER = JAY.Bitslinger;
				PRODUCT_NAME = "$(TARGET_NAME)";
				SWIFT_VERSION = 4.2;
				TARGETED_DEVICE_FAMILY = "1,2";
			};
			name = Release;
		};
		324766FD217288F00080D766 /* Debug */ = {
			isa = XCBuildConfiguration;
			buildSettings = {
				ALWAYS_EMBED_SWIFT_STANDARD_LIBRARIES = YES;
				BUNDLE_LOADER = "$(TEST_HOST)";
				CODE_SIGN_STYLE = Automatic;
				INFOPLIST_FILE = BitslingerTests/Info.plist;
				LD_RUNPATH_SEARCH_PATHS = (
					"$(inherited)",
					"@executable_path/Frameworks",
					"@loader_path/Frameworks",
				);
				PRODUCT_BUNDLE_IDENTIFIER = JAY.BitslingerTests;
				PRODUCT_NAME = "$(TARGET_NAME)";
				SWIFT_VERSION = 4.2;
				TARGETED_DEVICE_FAMILY = "1,2";
				TEST_HOST = "$(BUILT_PRODUCTS_DIR)/Bitslinger.app/Bitslinger";
			};
			name = Debug;
		};
		324766FE217288F00080D766 /* Release */ = {
			isa = XCBuildConfiguration;
			buildSettings = {
				ALWAYS_EMBED_SWIFT_STANDARD_LIBRARIES = YES;
				BUNDLE_LOADER = "$(TEST_HOST)";
				CODE_SIGN_STYLE = Automatic;
				INFOPLIST_FILE = BitslingerTests/Info.plist;
				LD_RUNPATH_SEARCH_PATHS = (
					"$(inherited)",
					"@executable_path/Frameworks",
					"@loader_path/Frameworks",
				);
				PRODUCT_BUNDLE_IDENTIFIER = JAY.BitslingerTests;
				PRODUCT_NAME = "$(TARGET_NAME)";
				SWIFT_VERSION = 4.2;
				TARGETED_DEVICE_FAMILY = "1,2";
				TEST_HOST = "$(BUILT_PRODUCTS_DIR)/Bitslinger.app/Bitslinger";
			};
			name = Release;
		};
		32476700217288F00080D766 /* Debug */ = {
			isa = XCBuildConfiguration;
			buildSettings = {
				ALWAYS_EMBED_SWIFT_STANDARD_LIBRARIES = YES;
				CODE_SIGN_STYLE = Automatic;
				INFOPLIST_FILE = BitslingerUITests/Info.plist;
				LD_RUNPATH_SEARCH_PATHS = (
					"$(inherited)",
					"@executable_path/Frameworks",
					"@loader_path/Frameworks",
				);
				PRODUCT_BUNDLE_IDENTIFIER = JAY.BitslingerUITests;
				PRODUCT_NAME = "$(TARGET_NAME)";
				SWIFT_VERSION = 4.2;
				TARGETED_DEVICE_FAMILY = "1,2";
				TEST_TARGET_NAME = Bitslinger;
			};
			name = Debug;
		};
		32476701217288F00080D766 /* Release */ = {
			isa = XCBuildConfiguration;
			buildSettings = {
				ALWAYS_EMBED_SWIFT_STANDARD_LIBRARIES = YES;
				CODE_SIGN_STYLE = Automatic;
				INFOPLIST_FILE = BitslingerUITests/Info.plist;
				LD_RUNPATH_SEARCH_PATHS = (
					"$(inherited)",
					"@executable_path/Frameworks",
					"@loader_path/Frameworks",
				);
				PRODUCT_BUNDLE_IDENTIFIER = JAY.BitslingerUITests;
				PRODUCT_NAME = "$(TARGET_NAME)";
				SWIFT_VERSION = 4.2;
				TARGETED_DEVICE_FAMILY = "1,2";
				TEST_TARGET_NAME = Bitslinger;
			};
			name = Release;
		};
/* End XCBuildConfiguration section */

/* Begin XCConfigurationList section */
		324766C9217288ED0080D766 /* Build configuration list for PBXProject "Bitslinger" */ = {
			isa = XCConfigurationList;
			buildConfigurations = (
				324766F7217288F00080D766 /* Debug */,
				324766F8217288F00080D766 /* Release */,
			);
			defaultConfigurationIsVisible = 0;
			defaultConfigurationName = Release;
		};
		324766F9217288F00080D766 /* Build configuration list for PBXNativeTarget "Bitslinger" */ = {
			isa = XCConfigurationList;
			buildConfigurations = (
				324766FA217288F00080D766 /* Debug */,
				324766FB217288F00080D766 /* Release */,
			);
			defaultConfigurationIsVisible = 0;
			defaultConfigurationName = Release;
		};
		324766FC217288F00080D766 /* Build configuration list for PBXNativeTarget "BitslingerTests" */ = {
			isa = XCConfigurationList;
			buildConfigurations = (
				324766FD217288F00080D766 /* Debug */,
				324766FE217288F00080D766 /* Release */,
			);
			defaultConfigurationIsVisible = 0;
			defaultConfigurationName = Release;
		};
		324766FF217288F00080D766 /* Build configuration list for PBXNativeTarget "BitslingerUITests" */ = {
			isa = XCConfigurationList;
			buildConfigurations = (
				32476700217288F00080D766 /* Debug */,
				32476701217288F00080D766 /* Release */,
			);
			defaultConfigurationIsVisible = 0;
			defaultConfigurationName = Release;
		};
/* End XCConfigurationList section */

/* Begin XCVersionGroup section */
		324766D8217288ED0080D766 /* Bitslinger.xcdatamodeld */ = {
			isa = XCVersionGroup;
			children = (
				324766D9217288ED0080D766 /* Bitslinger.xcdatamodel */,
			);
			currentVersion = 324766D9217288ED0080D766 /* Bitslinger.xcdatamodel */;
			path = Bitslinger.xcdatamodeld;
			sourceTree = "<group>";
			versionGroupType = wrapper.xcdatamodel;
		};
/* End XCVersionGroup section */
	};
	rootObject = 324766C6217288ED0080D766 /* Project object */;
}
